
Microsoft Visual Studio Solution File, Format Version 12.00
# Visual Studio Version 16
VisualStudioVersion = 16.0.29215.179
MinimumVisualStudioVersion = 10.0.40219.1
Project("{FAE04EC0-301F-11D3-BF4B-00C04F79EFBC}") = "Biblio", "Biblio.csproj", "{C9E00760-3AA7-4A43-AF70-2CF7F42D0E17}"
EndProject
Project("{FAE04EC0-301F-11D3-BF4B-00C04F79EFBC}") = "Biblio.Tests", "..\Biblio.Tests\Biblio.Tests.csproj", "{03E595D2-1EED-48F2-8AE8-2731498F5070}"
EndProject
Global
	GlobalSection(SolutionConfigurationPlatforms) = preSolution
		Debug|Any CPU = Debug|Any CPU
		Release|Any CPU = Release|Any CPU
	EndGlobalSection
	GlobalSection(ProjectConfigurationPlatforms) = postSolution
		{C9E00760-3AA7-4A43-AF70-2CF7F42D0E17}.Debug|Any CPU.ActiveCfg = Debug|Any CPU
		{C9E00760-3AA7-4A43-AF70-2CF7F42D0E17}.Debug|Any CPU.Build.0 = Debug|Any CPU
		{C9E00760-3AA7-4A43-AF70-2CF7F42D0E17}.Release|Any CPU.ActiveCfg = Release|Any CPU
		{C9E00760-3AA7-4A43-AF70-2CF7F42D0E17}.Release|Any CPU.Build.0 = Release|Any CPU
		{03E595D2-1EED-48F2-8AE8-2731498F5070}.Debug|Any CPU.ActiveCfg = Debug|Any CPU
		{03E595D2-1EED-48F2-8AE8-2731498F5070}.Debug|Any CPU.Build.0 = Debug|Any CPU
		{03E595D2-1EED-48F2-8AE8-2731498F5070}.Release|Any CPU.ActiveCfg = Release|Any CPU
		{03E595D2-1EED-48F2-8AE8-2731498F5070}.Release|Any CPU.Build.0 = Release|Any CPU
	EndGlobalSection
	GlobalSection(SolutionProperties) = preSolution
		HideSolutionNode = FALSE
	EndGlobalSection
	GlobalSection(ExtensibilityGlobals) = postSolution
		SolutionGuid = {6A6F003A-F3A2-4BD1-B8FD-2E339B1E522E}
	EndGlobalSection
EndGlobal
